// !$*UTF8*$!
{
	archiveVersion = 1;
	classes = {
	};
	objectVersion = 39;
	objects = {
		089C165FFE840EACC02AAC07 = {
			children = (
				089C1660FE840EACC02AAC07,
			);
			isa = PBXVariantGroup;
			name = InfoPlist.strings;
			refType = 4;
			sourceTree = "<group>";
		};
		089C1660FE840EACC02AAC07 = {
			fileEncoding = 10;
			isa = PBXFileReference;
			lastKnownFileType = text.plist.strings;
			name = English;
			path = English.lproj/InfoPlist.strings;
			refType = 4;
			sourceTree = "<group>";
		};
//080
//081
//082
//083
//084
//100
//101
//102
//103
//104
		1058C7A6FEA54F5311CA2CBB = {
			children = (
				C152A70B07559BB9004FF49E,
				C1B5CCF203D55FDC00317084,
				F5C0AB28033197F8018C91A3,
			);
			isa = PBXGroup;
			name = "Linked Frameworks";
			refType = 4;
			sourceTree = "<group>";
		};
		1058C7A8FEA54F5311CA2CBB = {
			children = (
				2A37F4C5FDCFA73011CA2CEA,
				2A37F4C4FDCFA73011CA2CEA,
			);
			isa = PBXGroup;
			name = "Other Frameworks";
			refType = 4;
			sourceTree = "<group>";
		};
//100
//101
//102
//103
//104
//190
//191
//192
//193
//194
		19C28FB0FE9D524F11CA2CBB = {
			children = (
				C12C800305AECD9D0066E007,
			);
			isa = PBXGroup;
			name = Products;
			refType = 4;
			sourceTree = "<group>";
		};
//190
//191
//192
//193
//194
//2A0
//2A1
//2A2
//2A3
//2A4
		2A37F4A9FDCFA73011CA2CEA = {
			buildSettings = {
				MACOSX_DEPLOYMENT_TARGET = 10.2;
				SDKROOT = /Developer/SDKs/MacOSX10.2.8.sdk;
			};
			buildStyles = (
				4A9504D0FFE6A4CB11CA0CBA,
				4A9504D1FFE6A4CB11CA0CBA,
			);
			hasScannedForEncodings = 1;
			isa = PBXProject;
			mainGroup = 2A37F4AAFDCFA73011CA2CEA;
			projectDirPath = "";
			targets = (
				C12C7FDE05AECD9D0066E007,
			);
		};
		2A37F4AAFDCFA73011CA2CEA = {
			children = (
				F5C0AB7703321C3B018C91A3,
				F5C0AB7503321C3B018C91A3,
				F5C0AB7803321C3B018C91A3,
				F5C0AB7603321C3B018C91A3,
				F5C0AB3903319A9B018C91A3,
				F5C0AB450331C788018C91A3,
				2A37F4ABFDCFA73011CA2CEA,
				2A37F4AFFDCFA73011CA2CEA,
				2A37F4B8FDCFA73011CA2CEA,
				2A37F4C3FDCFA73011CA2CEA,
				19C28FB0FE9D524F11CA2CBB,
			);
			isa = PBXGroup;
			name = "MIDI Patchbay";
			path = "";
			refType = 4;
			sourceTree = "<group>";
		};
		2A37F4ABFDCFA73011CA2CEA = {
			children = (
				F598A8BB0342E64501B9BE79,
				F598A8BA0342E64501B9BE79,
				F5C0AB4103319CEA018C91A3,
				F5C0AB4203319CEA018C91A3,
				F5C0AB13033196D6018C91A3,
				F5C0AB14033196D6018C91A3,
				C183B43603E8F7C500BCF81F,
				C183B43703E8F7C500BCF81F,
			);
			isa = PBXGroup;
			name = "Controller Classes";
			path = "";
			refType = 4;
			sourceTree = "<group>";
		};
		2A37F4AFFDCFA73011CA2CEA = {
			children = (
				2A37F4B0FDCFA73011CA2CEA,
			);
			isa = PBXGroup;
			name = "Other Sources";
			path = "";
			refType = 4;
			sourceTree = "<group>";
		};
		2A37F4B0FDCFA73011CA2CEA = {
			fileEncoding = 30;
			isa = PBXFileReference;
			lastKnownFileType = sourcecode.c.objc;
			path = main.m;
			refType = 4;
			sourceTree = "<group>";
		};
		2A37F4B4FDCFA73011CA2CEA = {
			children = (
				2A37F4B5FDCFA73011CA2CEA,
			);
			isa = PBXVariantGroup;
			name = PatchbayDocument.nib;
			path = "";
			refType = 4;
			sourceTree = "<group>";
		};
		2A37F4B5FDCFA73011CA2CEA = {
			isa = PBXFileReference;
			lastKnownFileType = wrapper.nib;
			name = PatchbayDocument.nib;
			path = English.lproj/PatchbayDocument.nib;
			refType = 4;
			sourceTree = "<group>";
		};
		2A37F4B6FDCFA73011CA2CEA = {
			children = (
				2A37F4B7FDCFA73011CA2CEA,
			);
			isa = PBXVariantGroup;
			name = MainMenu.nib;
			path = "";
			refType = 4;
			sourceTree = "<group>";
		};
		2A37F4B7FDCFA73011CA2CEA = {
			isa = PBXFileReference;
			lastKnownFileType = wrapper.nib;
			name = English;
			path = English.lproj/MainMenu.nib;
			refType = 4;
			sourceTree = "<group>";
		};
		2A37F4B8FDCFA73011CA2CEA = {
			children = (
				F5C0AB170331972E018C91A3,
				2A37F4B6FDCFA73011CA2CEA,
				2A37F4B4FDCFA73011CA2CEA,
				C12C800205AECD9D0066E007,
				089C165FFE840EACC02AAC07,
				F598A8BE0342EE1E01B9BE79,
				C152A6E907559AE9004FF49E,
				C1AB8C7B075DAF9B00C4B27B,
			);
			isa = PBXGroup;
			name = Resources;
			path = "";
			refType = 4;
			sourceTree = "<group>";
		};
		2A37F4C3FDCFA73011CA2CEA = {
			children = (
				1058C7A6FEA54F5311CA2CBB,
				1058C7A8FEA54F5311CA2CBB,
			);
			isa = PBXGroup;
			name = Frameworks;
			path = "";
			refType = 4;
			sourceTree = "<group>";
		};
		2A37F4C4FDCFA73011CA2CEA = {
			isa = PBXFileReference;
			lastKnownFileType = wrapper.framework;
			name = AppKit.framework;
			path = /System/Library/Frameworks/AppKit.framework;
			refType = 0;
			sourceTree = "<absolute>";
		};
		2A37F4C5FDCFA73011CA2CEA = {
			isa = PBXFileReference;
			lastKnownFileType = wrapper.framework;
			name = Foundation.framework;
			path = /System/Library/Frameworks/Foundation.framework;
			refType = 0;
			sourceTree = "<absolute>";
		};
//2A0
//2A1
//2A2
//2A3
//2A4
//4A0
//4A1
//4A2
//4A3
//4A4
		4A9504D0FFE6A4CB11CA0CBA = {
			buildSettings = {
				COPY_PHASE_STRIP = NO;
				GCC_DYNAMIC_NO_PIC = NO;
				GCC_ENABLE_FIX_AND_CONTINUE = YES;
				GCC_GENERATE_DEBUGGING_SYMBOLS = YES;
				GCC_OPTIMIZATION_LEVEL = 0;
				OPTIMIZATION_CFLAGS = "-O0";
				ZERO_LINK = YES;
			};
			isa = PBXBuildStyle;
			name = Development;
		};
		4A9504D1FFE6A4CB11CA0CBA = {
			buildSettings = {
				COPY_PHASE_STRIP = YES;
				GCC_ENABLE_FIX_AND_CONTINUE = NO;
				GCC_GENERATE_DEBUGGING_SYMBOLS = NO;
				ZERO_LINK = NO;
			};
			isa = PBXBuildStyle;
			name = Deployment;
		};
//4A0
//4A1
//4A2
//4A3
//4A4
//C10
//C11
//C12
//C13
//C14
		C12C7FDE05AECD9D0066E007 = {
			buildPhases = (
				C12C7FDF05AECD9D0066E007,
				C12C7FE805AECD9D0066E007,
				C12C7FF005AECD9D0066E007,
				C12C7FFA05AECD9D0066E007,
				C12C7FFE05AECD9D0066E007,
				C12C800005AECD9D0066E007,
			);
			buildRules = (
			);
			buildSettings = {
				FRAMEWORK_SEARCH_PATHS = ../PYMIDI/build;
				GCC_OPTIMIZATION_LEVEL = 3;
				GCC_USE_GCC3_PFE_SUPPORT = NO;
				HEADER_SEARCH_PATHS = "";
				INFOPLIST_FILE = Info.plist;
				INSTALL_PATH = "$(HOME)/Applications";
				LIBRARY_SEARCH_PATHS = "";
				MACOSX_DEPLOYMENT_TARGET = 10.2;
				OTHER_CFLAGS = "";
				OTHER_LDFLAGS = "";
				PRODUCT_NAME = "MIDI Patchbay";
				SECTORDER_FLAGS = "";
				WARNING_CFLAGS = "-Wmost -Wno-four-char-constants -Wno-unknown-pragmas";
				WRAPPER_EXTENSION = app;
			};
			dependencies = (
			);
			isa = PBXNativeTarget;
			name = "MIDI Patchbay";
			productInstallPath = "$(HOME)/Applications";
			productName = "MIDI Patchbay";
			productReference = C12C800305AECD9D0066E007;
			productType = "com.apple.product-type.application";
		};
		C12C7FDF05AECD9D0066E007 = {
			buildActionMask = 2147483647;
			files = (
				C12C7FE005AECD9D0066E007,
				C12C7FE105AECD9D0066E007,
				C12C7FE205AECD9D0066E007,
				C12C7FE305AECD9D0066E007,
				C12C7FE405AECD9D0066E007,
				C12C7FE505AECD9D0066E007,
				C12C7FE605AECD9D0066E007,
				C12C7FE705AECD9D0066E007,
			);
			isa = PBXHeadersBuildPhase;
			runOnlyForDeploymentPostprocessing = 0;
		};
		C12C7FE005AECD9D0066E007 = {
			fileRef = F5C0AB13033196D6018C91A3;
			isa = PBXBuildFile;
			settings = {
			};
		};
		C12C7FE105AECD9D0066E007 = {
			fileRef = F5C0AB4103319CEA018C91A3;
			isa = PBXBuildFile;
			settings = {
			};
		};
		C12C7FE205AECD9D0066E007 = {
			fileRef = F5C0AB470331C79F018C91A3;
			isa = PBXBuildFile;
			settings = {
			};
		};
		C12C7FE305AECD9D0066E007 = {
			fileRef = F598A8A90342E28A01B9BE79;
			isa = PBXBuildFile;
			settings = {
			};
		};
		C12C7FE405AECD9D0066E007 = {
			fileRef = F598A8B10342E47401B9BE79;
			isa = PBXBuildFile;
			settings = {
			};
		};
		C12C7FE505AECD9D0066E007 = {
			fileRef = F598A8B20342E47401B9BE79;
			isa = PBXBuildFile;
			settings = {
			};
		};
		C12C7FE605AECD9D0066E007 = {
			fileRef = F598A8BB0342E64501B9BE79;
			isa = PBXBuildFile;
			settings = {
			};
		};
		C12C7FE705AECD9D0066E007 = {
			fileRef = C183B43603E8F7C500BCF81F;
			isa = PBXBuildFile;
			settings = {
			};
		};
		C12C7FE805AECD9D0066E007 = {
			buildActionMask = 2147483647;
			files = (
				C12C7FE905AECD9D0066E007,
				C12C7FEA05AECD9D0066E007,
				C12C7FEB05AECD9D0066E007,
				C12C7FEC05AECD9D0066E007,
				C12C7FED05AECD9D0066E007,
				C12C7FEE05AECD9D0066E007,
				C12C7FEF05AECD9D0066E007,
				C152A6EA07559AE9004FF49E,
				C1AB8C7C075DAF9B00C4B27B,
			);
			isa = PBXResourcesBuildPhase;
			runOnlyForDeploymentPostprocessing = 0;
		};
		C12C7FE905AECD9D0066E007 = {
			fileRef = 2A37F4B6FDCFA73011CA2CEA;
			isa = PBXBuildFile;
			settings = {
			};
		};
		C12C7FEA05AECD9D0066E007 = {
			fileRef = 2A37F4B4FDCFA73011CA2CEA;
			isa = PBXBuildFile;
			settings = {
			};
		};
		C12C7FEB05AECD9D0066E007 = {
			fileRef = 089C165FFE840EACC02AAC07;
			isa = PBXBuildFile;
			settings = {
			};
		};
		C12C7FEC05AECD9D0066E007 = {
			fileRef = F5C0AB170331972E018C91A3;
			isa = PBXBuildFile;
			settings = {
			};
		};
		C12C7FED05AECD9D0066E007 = {
			fileRef = F5C0AB7503321C3B018C91A3;
			isa = PBXBuildFile;
			settings = {
			};
		};
		C12C7FEE05AECD9D0066E007 = {
			fileRef = F5C0AB7703321C3B018C91A3;
			isa = PBXBuildFile;
			settings = {
			};
		};
		C12C7FEF05AECD9D0066E007 = {
			fileRef = F598A8BE0342EE1E01B9BE79;
			isa = PBXBuildFile;
			settings = {
			};
		};
		C12C7FF005AECD9D0066E007 = {
			buildActionMask = 2147483647;
			files = (
				C12C7FF105AECD9D0066E007,
				C12C7FF205AECD9D0066E007,
				C12C7FF305AECD9D0066E007,
				C12C7FF405AECD9D0066E007,
				C12C7FF505AECD9D0066E007,
				C12C7FF605AECD9D0066E007,
				C12C7FF705AECD9D0066E007,
				C12C7FF805AECD9D0066E007,
				C12C7FF905AECD9D0066E007,
			);
			isa = PBXSourcesBuildPhase;
			runOnlyForDeploymentPostprocessing = 0;
		};
		C12C7FF105AECD9D0066E007 = {
			fileRef = 2A37F4B0FDCFA73011CA2CEA;
			isa = PBXBuildFile;
			settings = {
				ATTRIBUTES = (
				);
			};
		};
		C12C7FF205AECD9D0066E007 = {
			fileRef = F5C0AB14033196D6018C91A3;
			isa = PBXBuildFile;
			settings = {
			};
		};
		C12C7FF305AECD9D0066E007 = {
			fileRef = F5C0AB4203319CEA018C91A3;
			isa = PBXBuildFile;
			settings = {
			};
		};
		C12C7FF405AECD9D0066E007 = {
			fileRef = F5C0AB460331C79F018C91A3;
			isa = PBXBuildFile;
			settings = {
			};
		};
		C12C7FF505AECD9D0066E007 = {
			fileRef = F598A8A70342E28A01B9BE79;
			isa = PBXBuildFile;
			settings = {
			};
		};
		C12C7FF605AECD9D0066E007 = {
			fileRef = F598A8B00342E47401B9BE79;
			isa = PBXBuildFile;
			settings = {
			};
		};
		C12C7FF705AECD9D0066E007 = {
			fileRef = F598A8B30342E47401B9BE79;
			isa = PBXBuildFile;
			settings = {
			};
		};
		C12C7FF805AECD9D0066E007 = {
			fileRef = F598A8BA0342E64501B9BE79;
			isa = PBXBuildFile;
			settings = {
			};
		};
		C12C7FF905AECD9D0066E007 = {
			fileRef = C183B43703E8F7C500BCF81F;
			isa = PBXBuildFile;
			settings = {
			};
		};
		C12C7FFA05AECD9D0066E007 = {
			buildActionMask = 2147483647;
			files = (
				C12C7FFC05AECD9D0066E007,
				C12C7FFD05AECD9D0066E007,
				C152A70C07559BB9004FF49E,
			);
			isa = PBXFrameworksBuildPhase;
			runOnlyForDeploymentPostprocessing = 0;
		};
		C12C7FFC05AECD9D0066E007 = {
			fileRef = F5C0AB28033197F8018C91A3;
			isa = PBXBuildFile;
			settings = {
			};
		};
		C12C7FFD05AECD9D0066E007 = {
			fileRef = C1B5CCF203D55FDC00317084;
			isa = PBXBuildFile;
			settings = {
			};
		};
		C12C7FFE05AECD9D0066E007 = {
			buildActionMask = 2147483647;
			dstPath = "";
			dstSubfolderSpec = 10;
			files = (
				C12C7FFF05AECD9D0066E007,
			);
			isa = PBXCopyFilesBuildPhase;
			runOnlyForDeploymentPostprocessing = 0;
		};
		C12C7FFF05AECD9D0066E007 = {
			fileRef = F5C0AB28033197F8018C91A3;
			isa = PBXBuildFile;
			settings = {
			};
		};
		C12C800005AECD9D0066E007 = {
			buildActionMask = 2147483647;
			files = (
			);
			isa = PBXShellScriptBuildPhase;
			runOnlyForDeploymentPostprocessing = 0;
			shellPath = /bin/sh;
			shellScript = "cd \"${BUILD_DIR}/${PRODUCT_NAME}.${WRAPPER_EXTENSION}\"\n\n# Clean out any CVS directories that have accidentally been included\nfind . -name CVS -type d -exec rm -r {} \\;\n\n# This cleans out any headers that were copied to our binary\nfind . -name Headers -type d -exec rm -r {} \\;\nfind . -name Headers -exec rm {} \\;\n\n# Redo the prebinding on our app after stripping...this doesn't seem to work, so I've commented it out for now\n#cd Contents/MacOS\n#redo_prebinding -e \"${PWD}\" \"${PRODUCT_NAME}\"";
		};
		C12C800205AECD9D0066E007 = {
			isa = PBXFileReference;
			lastKnownFileType = text.xml;
			path = Info.plist;
			refType = 4;
			sourceTree = "<group>";
		};
		C12C800305AECD9D0066E007 = {
			explicitFileType = wrapper.application;
			includeInIndex = 0;
			isa = PBXFileReference;
			path = "MIDI Patchbay.app";
			refType = 3;
			sourceTree = BUILT_PRODUCTS_DIR;
		};
		C152A6E907559AE9004FF49E = {
			isa = PBXFileReference;
			lastKnownFileType = image.icns;
			path = AppIcon.icns;
			refType = 4;
			sourceTree = "<group>";
		};
		C152A6EA07559AE9004FF49E = {
			fileRef = C152A6E907559AE9004FF49E;
			isa = PBXBuildFile;
			settings = {
			};
		};
		C152A70B07559BB9004FF49E = {
			isa = PBXFileReference;
			lastKnownFileType = wrapper.framework;
			name = Cocoa.framework;
			path = /System/Library/Frameworks/Cocoa.framework;
			refType = 0;
			sourceTree = "<absolute>";
		};
		C152A70C07559BB9004FF49E = {
			fileRef = C152A70B07559BB9004FF49E;
			isa = PBXBuildFile;
			settings = {
			};
		};
		C183B43603E8F7C500BCF81F = {
			fileEncoding = 4;
			isa = PBXFileReference;
			lastKnownFileType = sourcecode.c.h;
			name = PatchbayController.h;
			path = "Controller Classes/PatchbayController.h";
			refType = 4;
			sourceTree = "<group>";
		};
		C183B43703E8F7C500BCF81F = {
			fileEncoding = 4;
			isa = PBXFileReference;
			lastKnownFileType = sourcecode.c.objc;
			name = PatchbayController.m;
			path = "Controller Classes/PatchbayController.m";
			refType = 4;
			sourceTree = "<group>";
		};
		C1AB8C7B075DAF9B00C4B27B = {
			isa = PBXFileReference;
			lastKnownFileType = image.icns;
			path = DocIcon.icns;
			refType = 4;
			sourceTree = "<group>";
		};
		C1AB8C7C075DAF9B00C4B27B = {
			fileRef = C1AB8C7B075DAF9B00C4B27B;
			isa = PBXBuildFile;
			settings = {
			};
		};
		C1B5CCF203D55FDC00317084 = {
			isa = PBXFileReference;
			lastKnownFileType = wrapper.framework;
			name = CoreMIDI.framework;
			path = /System/Library/Frameworks/CoreMIDI.framework;
			refType = 0;
			sourceTree = "<absolute>";
		};
//C10
//C11
//C12
//C13
//C14
//F50
//F51
//F52
//F53
//F54
		F598A8A70342E28A01B9BE79 = {
			fileEncoding = 4;
			isa = PBXFileReference;
			lastKnownFileType = sourcecode.c.objc;
			name = Patch.m;
			path = "Model Classes/Patch.m";
			refType = 4;
			sourceTree = "<group>";
		};
		F598A8A90342E28A01B9BE79 = {
			fileEncoding = 30;
			isa = PBXFileReference;
			lastKnownFileType = sourcecode.c.h;
			name = Patch.h;
			path = "Model Classes/Patch.h";
			refType = 4;
			sourceTree = "<group>";
		};
		F598A8B00342E47401B9BE79 = {
			fileEncoding = 30;
			isa = PBXFileReference;
			lastKnownFileType = sourcecode.c.objc;
			name = PatchTableCellData.m;
			path = "View Classes/PatchTableCellData.m";
			refType = 4;
			sourceTree = "<group>";
		};
		F598A8B10342E47401B9BE79 = {
			fileEncoding = 30;
			isa = PBXFileReference;
			lastKnownFileType = sourcecode.c.h;
			name = PatchTableCellData.h;
			path = "View Classes/PatchTableCellData.h";
			refType = 4;
			sourceTree = "<group>";
		};
		F598A8B20342E47401B9BE79 = {
			fileEncoding = 30;
			isa = PBXFileReference;
			lastKnownFileType = sourcecode.c.h;
			name = PatchTableCell.h;
			path = "View Classes/PatchTableCell.h";
			refType = 4;
			sourceTree = "<group>";
		};
		F598A8B30342E47401B9BE79 = {
			fileEncoding = 30;
			isa = PBXFileReference;
			lastKnownFileType = sourcecode.c.objc;
			name = PatchTableCell.m;
			path = "View Classes/PatchTableCell.m";
			refType = 4;
			sourceTree = "<group>";
		};
		F598A8BA0342E64501B9BE79 = {
			fileEncoding = 30;
			isa = PBXFileReference;
			lastKnownFileType = sourcecode.c.objc;
			name = PatchTableDataSource.m;
			path = "Controller Classes/PatchTableDataSource.m";
			refType = 4;
			sourceTree = "<group>";
		};
		F598A8BB0342E64501B9BE79 = {
			fileEncoding = 30;
			isa = PBXFileReference;
			lastKnownFileType = sourcecode.c.h;
			name = PatchTableDataSource.h;
			path = "Controller Classes/PatchTableDataSource.h";
			refType = 4;
			sourceTree = "<group>";
		};
		F598A8BE0342EE1E01B9BE79 = {
			isa = PBXFileReference;
			lastKnownFileType = image.tiff;
			path = Plus.tiff;
			refType = 4;
			sourceTree = "<group>";
		};
		F5C0AB13033196D6018C91A3 = {
			fileEncoding = 30;
			isa = PBXFileReference;
			lastKnownFileType = sourcecode.c.h;
			name = PatchbayDocument.h;
			path = "Controller Classes/PatchbayDocument.h";
			refType = 4;
			sourceTree = "<group>";
		};
		F5C0AB14033196D6018C91A3 = {
			fileEncoding = 30;
			isa = PBXFileReference;
			lastKnownFileType = sourcecode.c.objc;
			name = PatchbayDocument.m;
			path = "Controller Classes/PatchbayDocument.m";
			refType = 4;
			sourceTree = "<group>";
		};
		F5C0AB170331972E018C91A3 = {
			fileEncoding = 30;
			isa = PBXFileReference;
			lastKnownFileType = text.html;
			path = Credits.html;
			refType = 4;
			sourceTree = "<group>";
		};
		F5C0AB28033197F8018C91A3 = {
			isa = PBXFileReference;
			lastKnownFileType = wrapper.framework;
			name = PYMIDI.framework;
			path = ../PYMIDI/build/PYMIDI.framework;
			refType = 2;
			sourceTree = SOURCE_ROOT;
		};
		F5C0AB3903319A9B018C91A3 = {
			children = (
				F598A8A90342E28A01B9BE79,
				F598A8A70342E28A01B9BE79,
			);
			isa = PBXGroup;
			name = "Model Classes";
			refType = 4;
			sourceTree = "<group>";
		};
		F5C0AB4103319CEA018C91A3 = {
			fileEncoding = 30;
			isa = PBXFileReference;
			lastKnownFileType = sourcecode.c.h;
			name = EndpointTableDataSource.h;
			path = "Controller Classes/EndpointTableDataSource.h";
			refType = 4;
			sourceTree = "<group>";
		};
		F5C0AB4203319CEA018C91A3 = {
			fileEncoding = 30;
			isa = PBXFileReference;
			lastKnownFileType = sourcecode.c.objc;
			name = EndpointTableDataSource.m;
			path = "Controller Classes/EndpointTableDataSource.m";
			refType = 4;
			sourceTree = "<group>";
		};
		F5C0AB450331C788018C91A3 = {
			children = (
				F5C0AB470331C79F018C91A3,
				F5C0AB460331C79F018C91A3,
				F598A8B10342E47401B9BE79,
				F598A8B00342E47401B9BE79,
				F598A8B20342E47401B9BE79,
				F598A8B30342E47401B9BE79,
			);
			isa = PBXGroup;
			name = "View Classes";
			path = "";
			refType = 4;
			sourceTree = "<group>";
		};
		F5C0AB460331C79F018C91A3 = {
			fileEncoding = 30;
			isa = PBXFileReference;
			lastKnownFileType = sourcecode.c.objc;
			name = KeyTableView.m;
			path = "View Classes/KeyTableView.m";
			refType = 4;
			sourceTree = "<group>";
		};
		F5C0AB470331C79F018C91A3 = {
			fileEncoding = 30;
			isa = PBXFileReference;
			lastKnownFileType = sourcecode.c.h;
			name = KeyTableView.h;
			path = "View Classes/KeyTableView.h";
			refType = 4;
			sourceTree = "<group>";
		};
		F5C0AB7503321C3B018C91A3 = {
			fileEncoding = 30;
			isa = PBXFileReference;
			lastKnownFileType = text.html;
			path = License.html;
			refType = 4;
			sourceTree = "<group>";
		};
		F5C0AB7603321C3B018C91A3 = {
			fileEncoding = 30;
			isa = PBXFileReference;
			lastKnownFileType = text.html;
			path = "To Do.html";
			refType = 4;
			sourceTree = "<group>";
		};
		F5C0AB7703321C3B018C91A3 = {
			fileEncoding = 30;
			isa = PBXFileReference;
			lastKnownFileType = text.html;
			path = "Read Me.html";
			refType = 4;
			sourceTree = "<group>";
		};
		F5C0AB7803321C3B018C91A3 = {
			fileEncoding = 30;
			isa = PBXFileReference;
			lastKnownFileType = text.html;
			path = Bugs.html;
			refType = 4;
			sourceTree = "<group>";
		};
	};
	rootObject = 2A37F4A9FDCFA73011CA2CEA;
}
